
Microsoft Visual Studio Solution File, Format Version 12.00
# Visual Studio Version 17
VisualStudioVersion = 17.14.36518.9 d17.14
MinimumVisualStudioVersion = 10.0.40219.1
Project("{FAE04EC0-301F-11D3-BF4B-00C04F79EFBC}") = "Digital_Garage_Solution_API", "Digital_Garage_Solution_API.csproj", "{1CA5049D-BB12-4E37-B215-5ED6D684520D}"
EndProject
Global
	GlobalSection(SolutionConfigurationPlatforms) = preSolution
		Debug|Any CPU = Debug|Any CPU
		Release|Any CPU = Release|Any CPU
	EndGlobalSection
	GlobalSection(ProjectConfigurationPlatforms) = postSolution
		{1CA5049D-BB12-4E37-B215-5ED6D684520D}.Debug|Any CPU.ActiveCfg = Debug|Any CPU
		{1CA5049D-BB12-4E37-B215-5ED6D684520D}.Debug|Any CPU.Build.0 = Debug|Any CPU
		{1CA5049D-BB12-4E37-B215-5ED6D684520D}.Release|Any CPU.ActiveCfg = Release|Any CPU
		{1CA5049D-BB12-4E37-B215-5ED6D684520D}.Release|Any CPU.Build.0 = Release|Any CPU
	EndGlobalSection
	GlobalSection(SolutionProperties) = preSolution
		HideSolutionNode = FALSE
	EndGlobalSection
	GlobalSection(ExtensibilityGlobals) = postSolution
		SolutionGuid = {24BEADF2-4740-4A37-B760-E1C0F24E68D3}
	EndGlobalSection
EndGlobal
